PODS:
  - Bolts/Tasks (1.9.1)
  - Home (2023.12.03):
    - MPAK
  - HomeSlot (2023.12.03):
    - Home
  - Login (2023.12.03):
    - MPAK
  - LoginSlot (2023.12.03):
    - Login
  - MPAK (2022.06.20)
  - Net (2023.12.03):
    - Parse
  - Parse (1.19.4):
    - Parse/Core (= 1.19.4)
  - Parse/Core (1.19.4):
    - Bolts/Tasks (= 1.9.1)

DEPENDENCIES:
  - Home (from `Modules/Home`)
  - HomeSlot (from `Modules/HomeSlot`)
  - Login (from `Modules/Login`)
  - LoginSlot (from `Modules/LoginSlot`)
  - MPAK (from `Modules/MPAK`)
  - Net (from `Modules/Net`)
  - Parse

SPEC REPOS:
  trunk:
    - Bolts
    - Parse

EXTERNAL SOURCES:
  Home:
    :path: Modules/Home
  HomeSlot:
    :path: Modules/HomeSlot
  Login:
    :path: Modules/Login
  LoginSlot:
    :path: Modules/LoginSlot
  MPAK:
    :path: Modules/MPAK
  Net:
    :path: Modules/Net

SPEC CHECKSUMS:
  Bolts: 8c1e8aab2f603387b8b9924f57d1d64f43d3ffdc
  Home: b8b3d606ee4aaa9ea8c22fa3c544d29262f98cc7
  HomeSlot: ddd4a284956df7647e2b864c37bff377e49493de
  Login: b0a4ee0f0f15d8252ad12142cb8193e1df5608a4
  LoginSlot: 487d69e3692abd32195d0d90a00beac9df73977e
  MPAK: df152c0a8ccee421544ff7cada94f8360d6f2808
  Net: 69e9a3ea4af9316939a6ce3ce519a9139565852e
  Parse: 6d572042e2c171414c677acabcd9bab7bbf51264

PODFILE CHECKSUM: 4a8ad8a56f3f310f1d05e234d9143fe057dbdff7

COCOAPODS: 1.14.2
